// !$*UTF8*$!
{
	archiveVersion = 1;
	classes = {
	};
	objectVersion = 55;
	objects = {

/* Begin PBXBuildFile section */
		B57B1FDC28B5C7520042F08B /* AppDelegate.m in Sources */ = {isa = PBXBuildFile; fileRef = B57B1FDB28B5C7520042F08B /* AppDelegate.m */; };
		B57B1FDF28B5C7520042F08B /* SceneDelegate.m in Sources */ = {isa = PBXBuildFile; fileRef = B57B1FDE28B5C7520042F08B /* SceneDelegate.m */; };
		B57B1FE228B5C7520042F08B /* ViewController.m in Sources */ = {isa = PBXBuildFile; fileRef = B57B1FE128B5C7520042F08B /* ViewController.m */; };
		B57B1FE528B5C7520042F08B /* Main.storyboard in Resources */ = {isa = PBXBuildFile; fileRef = B57B1FE328B5C7520042F08B /* Main.storyboard */; };
		B57B1FE728B5C7590042F08B /* Assets.xcassets in Resources */ = {isa = PBXBuildFile; fileRef = B57B1FE628B5C7590042F08B /* Assets.xcassets */; };
		B57B1FEA28B5C7590042F08B /* LaunchScreen.storyboard in Resources */ = {isa = PBXBuildFile; fileRef = B57B1FE828B5C7590042F08B /* LaunchScreen.storyboard */; };
		B57B1FED28B5C7590042F08B /* main.m in Sources */ = {isa = PBXBuildFile; fileRef = B57B1FEC28B5C7590042F08B /* main.m */; };
		B57B1FF728B5C7590042F08B /* Demo13TimerTests.m in Sources */ = {isa = PBXBuildFile; fileRef = B57B1FF628B5C7590042F08B /* Demo13TimerTests.m */; };
		B57B200128B5C7590042F08B /* Demo13TimerUITests.m in Sources */ = {isa = PBXBuildFile; fileRef = B57B200028B5C7590042F08B /* Demo13TimerUITests.m */; };
		B57B200328B5C7590042F08B /* Demo13TimerUITestsLaunchTests.m in Sources */ = {isa = PBXBuildFile; fileRef = B57B200228B5C7590042F08B /* Demo13TimerUITestsLaunchTests.m */; };
/* End PBXBuildFile section */

/* Begin PBXContainerItemProxy section */
		B57B1FF328B5C7590042F08B /* PBXContainerItemProxy */ = {
			isa = PBXContainerItemProxy;
			containerPortal = B57B1FCF28B5C7520042F08B /* Project object */;
			proxyType = 1;
			remoteGlobalIDString = B57B1FD628B5C7520042F08B;
			remoteInfo = Demo13Timer;
		};
		B57B1FFD28B5C7590042F08B /* PBXContainerItemProxy */ = {
			isa = PBXContainerItemProxy;
			containerPortal = B57B1FCF28B5C7520042F08B /* Project object */;
			proxyType = 1;
			remoteGlobalIDString = B57B1FD628B5C7520042F08B;
			remoteInfo = Demo13Timer;
		};
/* End PBXContainerItemProxy section */

/* Begin PBXFileReference section */
		B57B1FD728B5C7520042F08B /* Demo13Timer.app */ = {isa = PBXFileReference; explicitFileType = wrapper.application; includeInIndex = 0; path = Demo13Timer.app; sourceTree = BUILT_PRODUCTS_DIR; };
		B57B1FDA28B5C7520042F08B /* AppDelegate.h */ = {isa = PBXFileReference; lastKnownFileType = sourcecode.c.h; path = AppDelegate.h; sourceTree = "<group>"; };
		B57B1FDB28B5C7520042F08B /* AppDelegate.m */ = {isa = PBXFileReference; lastKnownFileType = sourcecode.c.objc; path = AppDelegate.m; sourceTree = "<group>"; };
		B57B1FDD28B5C7520042F08B /* SceneDelegate.h */ = {isa = PBXFileReference; lastKnownFileType = sourcecode.c.h; path = SceneDelegate.h; sourceTree = "<group>"; };
		B57B1FDE28B5C7520042F08B /* SceneDelegate.m */ = {isa = PBXFileReference; lastKnownFileType = sourcecode.c.objc; path = SceneDelegate.m; sourceTree = "<group>"; };
		B57B1FE028B5C7520042F08B /* ViewController.h */ = {isa = PBXFileReference; lastKnownFileType = sourcecode.c.h; path = ViewController.h; sourceTree = "<group>"; };
		B57B1FE128B5C7520042F08B /* ViewController.m */ = {isa = PBXFileReference; lastKnownFileType = sourcecode.c.objc; path = ViewController.m; sourceTree = "<group>"; };
		B57B1FE428B5C7520042F08B /* Base */ = {isa = PBXFileReference; lastKnownFileType = file.storyboard; name = Base; path = Base.lproj/Main.storyboard; sourceTree = "<group>"; };
		B57B1FE628B5C7590042F08B /* Assets.xcassets */ = {isa = PBXFileReference; lastKnownFileType = folder.assetcatalog; path = Assets.xcassets; sourceTree = "<group>"; };
		B57B1FE928B5C7590042F08B /* Base */ = {isa = PBXFileReference; lastKnownFileType = file.storyboard; name = Base; path = Base.lproj/LaunchScreen.storyboard; sourceTree = "<group>"; };
		B57B1FEB28B5C7590042F08B /* Info.plist */ = {isa = PBXFileReference; lastKnownFileType = text.plist.xml; path = Info.plist; sourceTree = "<group>"; };
		B57B1FEC28B5C7590042F08B /* main.m */ = {isa = PBXFileReference; lastKnownFileType = sourcecode.c.objc; path = main.m; sourceTree = "<group>"; };
		B57B1FF228B5C7590042F08B /* Demo13TimerTests.xctest */ = {isa = PBXFileReference; explicitFileType = wrapper.cfbundle; includeInIndex = 0; path = Demo13TimerTests.xctest; sourceTree = BUILT_PRODUCTS_DIR; };
		B57B1FF628B5C7590042F08B /* Demo13TimerTests.m */ = {isa = PBXFileReference; lastKnownFileType = sourcecode.c.objc; path = Demo13TimerTests.m; sourceTree = "<group>"; };
		B57B1FFC28B5C7590042F08B /* Demo13TimerUITests.xctest */ = {isa = PBXFileReference; explicitFileType = wrapper.cfbundle; includeInIndex = 0; path = Demo13TimerUITests.xctest; sourceTree = BUILT_PRODUCTS_DIR; };
		B57B200028B5C7590042F08B /* Demo13TimerUITests.m */ = {isa = PBXFileReference; lastKnownFileType = sourcecode.c.objc; path = Demo13TimerUITests.m; sourceTree = "<group>"; };
		B57B200228B5C7590042F08B /* Demo13TimerUITestsLaunchTests.m */ = {isa = PBXFileReference; lastKnownFileType = sourcecode.c.objc; path = Demo13TimerUITestsLaunchTests.m; sourceTree = "<group>"; };
/* End PBXFileReference section */

/* Begin PBXFrameworksBuildPhase section */
		B57B1FD428B5C7520042F08B /* Frameworks */ = {
			isa = PBXFrameworksBuildPhase;
			buildActionMask = 2147483647;
			files = (
			);
			runOnlyForDeploymentPostprocessing = 0;
		};
		B57B1FEF28B5C7590042F08B /* Frameworks */ = {
			isa = PBXFrameworksBuildPhase;
			buildActionMask = 2147483647;
			files = (
			);
			runOnlyForDeploymentPostprocessing = 0;
		};
		B57B1FF928B5C7590042F08B /* Frameworks */ = {
			isa = PBXFrameworksBuildPhase;
			buildActionMask = 2147483647;
			files = (
			);
			runOnlyForDeploymentPostprocessing = 0;
		};
/* End PBXFrameworksBuildPhase section */

/* Begin PBXGroup section */
		B57B1FCE28B5C7520042F08B = {
			isa = PBXGroup;
			children = (
				B57B1FD928B5C7520042F08B /* Demo13Timer */,
				B57B1FF528B5C7590042F08B /* Demo13TimerTests */,
				B57B1FFF28B5C7590042F08B /* Demo13TimerUITests */,
				B57B1FD828B5C7520042F08B /* Products */,
			);
			sourceTree = "<group>";
		};
		B57B1FD828B5C7520042F08B /* Products */ = {
			isa = PBXGroup;
			children = (
				B57B1FD728B5C7520042F08B /* Demo13Timer.app */,
				B57B1FF228B5C7590042F08B /* Demo13TimerTests.xctest */,
				B57B1FFC28B5C7590042F08B /* Demo13TimerUITests.xctest */,
			);
			name = Products;
			sourceTree = "<group>";
		};
		B57B1FD928B5C7520042F08B /* Demo13Timer */ = {
			isa = PBXGroup;
			children = (
				B57B1FDA28B5C7520042F08B /* AppDelegate.h */,
				B57B1FDB28B5C7520042F08B /* AppDelegate.m */,
				B57B1FDD28B5C7520042F08B /* SceneDelegate.h */,
				B57B1FDE28B5C7520042F08B /* SceneDelegate.m */,
				B57B1FE028B5C7520042F08B /* ViewController.h */,
				B57B1FE128B5C7520042F08B /* ViewController.m */,
				B57B1FE328B5C7520042F08B /* Main.storyboard */,
				B57B1FE628B5C7590042F08B /* Assets.xcassets */,
				B57B1FE828B5C7590042F08B /* LaunchScreen.storyboard */,
				B57B1FEB28B5C7590042F08B /* Info.plist */,
				B57B1FEC28B5C7590042F08B /* main.m */,
			);
			path = Demo13Timer;
			sourceTree = "<group>";
		};
		B57B1FF528B5C7590042F08B /* Demo13TimerTests */ = {
			isa = PBXGroup;
			children = (
				B57B1FF628B5C7590042F08B /* Demo13TimerTests.m */,
			);
			path = Demo13TimerTests;
			sourceTree = "<group>";
		};
		B57B1FFF28B5C7590042F08B /* Demo13TimerUITests */ = {
			isa = PBXGroup;
			children = (
				B57B200028B5C7590042F08B /* Demo13TimerUITests.m */,
				B57B200228B5C7590042F08B /* Demo13TimerUITestsLaunchTests.m */,
			);
			path = Demo13TimerUITests;
			sourceTree = "<group>";
		};
/* End PBXGroup section */

/* Begin PBXNativeTarget section */
		B57B1FD628B5C7520042F08B /* Demo13Timer */ = {
			isa = PBXNativeTarget;
			buildConfigurationList = B57B200628B5C7590042F08B /* Build configuration list for PBXNativeTarget "Demo13Timer" */;
			buildPhases = (
				B57B1FD328B5C7520042F08B /* Sources */,
				B57B1FD428B5C7520042F08B /* Frameworks */,
				B57B1FD528B5C7520042F08B /* Resources */,
			);
			buildRules = (
			);
			dependencies = (
			);
			name = Demo13Timer;
			productName = Demo13Timer;
			productReference = B57B1FD728B5C7520042F08B /* Demo13Timer.app */;
			productType = "com.apple.product-type.application";
		};
		B57B1FF128B5C7590042F08B /* Demo13TimerTests */ = {
			isa = PBXNativeTarget;
			buildConfigurationList = B57B200928B5C7590042F08B /* Build configuration list for PBXNativeTarget "Demo13TimerTests" */;
			buildPhases = (
				B57B1FEE28B5C7590042F08B /* Sources */,
				B57B1FEF28B5C7590042F08B /* Frameworks */,
				B57B1FF028B5C7590042F08B /* Resources */,
			);
			buildRules = (
			);
			dependencies = (
				B57B1FF428B5C7590042F08B /* PBXTargetDependency */,
			);
			name = Demo13TimerTests;
			productName = Demo13TimerTests;
			productReference = B57B1FF228B5C7590042F08B /* Demo13TimerTests.xctest */;
			productType = "com.apple.product-type.bundle.unit-test";
		};
		B57B1FFB28B5C7590042F08B /* Demo13TimerUITests */ = {
			isa = PBXNativeTarget;
			buildConfigurationList = B57B200C28B5C7590042F08B /* Build configuration list for PBXNativeTarget "Demo13TimerUITests" */;
			buildPhases = (
				B57B1FF828B5C7590042F08B /* Sources */,
				B57B1FF928B5C7590042F08B /* Frameworks */,
				B57B1FFA28B5C7590042F08B /* Resources */,
			);
			buildRules = (
			);
			dependencies = (
				B57B1FFE28B5C7590042F08B /* PBXTargetDependency */,
			);
			name = Demo13TimerUITests;
			productName = Demo13TimerUITests;
			productReference = B57B1FFC28B5C7590042F08B /* Demo13TimerUITests.xctest */;
			productType = "com.apple.product-type.bundle.ui-testing";
		};
/* End PBXNativeTarget section */

/* Begin PBXProject section */
		B57B1FCF28B5C7520042F08B /* Project object */ = {
			isa = PBXProject;
			attributes = {
				BuildIndependentTargetsInParallel = 1;
				LastUpgradeCheck = 1340;
				TargetAttributes = {
					B57B1FD628B5C7520042F08B = {
						CreatedOnToolsVersion = 13.4.1;
					};
					B57B1FF128B5C7590042F08B = {
						CreatedOnToolsVersion = 13.4.1;
						TestTargetID = B57B1FD628B5C7520042F08B;
					};
					B57B1FFB28B5C7590042F08B = {
						CreatedOnToolsVersion = 13.4.1;
						TestTargetID = B57B1FD628B5C7520042F08B;
					};
				};
			};
			buildConfigurationList = B57B1FD228B5C7520042F08B /* Build configuration list for PBXProject "Demo13Timer" */;
			compatibilityVersion = "Xcode 13.0";
			developmentRegion = en;
			hasScannedForEncodings = 0;
			knownRegions = (
				en,
				Base,
			);
			mainGroup = B57B1FCE28B5C7520042F08B;
			productRefGroup = B57B1FD828B5C7520042F08B /* Products */;
			projectDirPath = "";
			projectRoot = "";
			targets = (
				B57B1FD628B5C7520042F08B /* Demo13Timer */,
				B57B1FF128B5C7590042F08B /* Demo13TimerTests */,
				B57B1FFB28B5C7590042F08B /* Demo13TimerUITests */,
			);
		};
/* End PBXProject section */

/* Begin PBXResourcesBuildPhase section */
		B57B1FD528B5C7520042F08B /* Resources */ = {
			isa = PBXResourcesBuildPhase;
			buildActionMask = 2147483647;
			files = (
				B57B1FEA28B5C7590042F08B /* LaunchScreen.storyboard in Resources */,
				B57B1FE728B5C7590042F08B /* Assets.xcassets in Resources */,
				B57B1FE528B5C7520042F08B /* Main.storyboard in Resources */,
			);
			runOnlyForDeploymentPostprocessing = 0;
		};
		B57B1FF028B5C7590042F08B /* Resources */ = {
			isa = PBXResourcesBuildPhase;
			buildActionMask = 2147483647;
			files = (
			);
			runOnlyForDeploymentPostprocessing = 0;
		};
		B57B1FFA28B5C7590042F08B /* Resources */ = {
			isa = PBXResourcesBuildPhase;
			buildActionMask = 2147483647;
			files = (
			);
			runOnlyForDeploymentPostprocessing = 0;
		};
/* End PBXResourcesBuildPhase section */

/* Begin PBXSourcesBuildPhase section */
		B57B1FD328B5C7520042F08B /* Sources */ = {
			isa = PBXSourcesBuildPhase;
			buildActionMask = 2147483647;
			files = (
				B57B1FE228B5C7520042F08B /* ViewController.m in Sources */,
				B57B1FDC28B5C7520042F08B /* AppDelegate.m in Sources */,
				B57B1FED28B5C7590042F08B /* main.m in Sources */,
				B57B1FDF28B5C7520042F08B /* SceneDelegate.m in Sources */,
			);
			runOnlyForDeploymentPostprocessing = 0;
		};
		B57B1FEE28B5C7590042F08B /* Sources */ = {
			isa = PBXSourcesBuildPhase;
			buildActionMask = 2147483647;
			files = (
				B57B1FF728B5C7590042F08B /* Demo13TimerTests.m in Sources */,
			);
			runOnlyForDeploymentPostprocessing = 0;
		};
		B57B1FF828B5C7590042F08B /* Sources */ = {
			isa = PBXSourcesBuildPhase;
			buildActionMask = 2147483647;
			files = (
				B57B200128B5C7590042F08B /* Demo13TimerUITests.m in Sources */,
				B57B200328B5C7590042F08B /* Demo13TimerUITestsLaunchTests.m in Sources */,
			);
			runOnlyForDeploymentPostprocessing = 0;
		};
/* End PBXSourcesBuildPhase section */

/* Begin PBXTargetDependency section */
		B57B1FF428B5C7590042F08B /* PBXTargetDependency */ = {
			isa = PBXTargetDependency;
			target = B57B1FD628B5C7520042F08B /* Demo13Timer */;
			targetProxy = B57B1FF328B5C7590042F08B /* PBXContainerItemProxy */;
		};
		B57B1FFE28B5C7590042F08B /* PBXTargetDependency */ = {
			isa = PBXTargetDependency;
			target = B57B1FD628B5C7520042F08B /* Demo13Timer */;
			targetProxy = B57B1FFD28B5C7590042F08B /* PBXContainerItemProxy */;
		};
/* End PBXTargetDependency section */

/* Begin PBXVariantGroup section */
		B57B1FE328B5C7520042F08B /* Main.storyboard */ = {
			isa = PBXVariantGroup;
			children = (
				B57B1FE428B5C7520042F08B /* Base */,
			);
			name = Main.storyboard;
			sourceTree = "<group>";
		};
		B57B1FE828B5C7590042F08B /* LaunchScreen.storyboard */ = {
			isa = PBXVariantGroup;
			children = (
				B57B1FE928B5C7590042F08B /* Base */,
			);
			name = LaunchScreen.storyboard;
			sourceTree = "<group>";
		};
/* End PBXVariantGroup section */

/* Begin XCBuildConfiguration section */
		B57B200428B5C7590042F08B /* Debug */ = {
			isa = XCBuildConfiguration;
			buildSettings = {
				ALWAYS_SEARCH_USER_PATHS = NO;
				CLANG_ANALYZER_NONNULL = YES;
				CLANG_ANALYZER_NUMBER_OBJECT_CONVERSION = YES_AGGRESSIVE;
				CLANG_CXX_LANGUAGE_STANDARD = "gnu++17";
				CLANG_ENABLE_MODULES = YES;
				CLANG_ENABLE_OBJC_ARC = YES;
				CLANG_ENABLE_OBJC_WEAK = YES;
				CLANG_WARN_BLOCK_CAPTURE_AUTORELEASING = YES;
				CLANG_WARN_BOOL_CONVERSION = YES;
				CLANG_WARN_COMMA = YES;
				CLANG_WARN_CONSTANT_CONVERSION = YES;
				CLANG_WARN_DEPRECATED_OBJC_IMPLEMENTATIONS = YES;
				CLANG_WARN_DIRECT_OBJC_ISA_USAGE = YES_ERROR;
				CLANG_WARN_DOCUMENTATION_COMMENTS = YES;
				CLANG_WARN_EMPTY_BODY = YES;
				CLANG_WARN_ENUM_CONVERSION = YES;
				CLANG_WARN_INFINITE_RECURSION = YES;
				CLANG_WARN_INT_CONVERSION = YES;
				CLANG_WARN_NON_LITERAL_NULL_CONVERSION = YES;
				CLANG_WARN_OBJC_IMPLICIT_RETAIN_SELF = YES;
				CLANG_WARN_OBJC_LITERAL_CONVERSION = YES;
				CLANG_WARN_OBJC_ROOT_CLASS = YES_ERROR;
				CLANG_WARN_QUOTED_INCLUDE_IN_FRAMEWORK_HEADER = YES;
				CLANG_WARN_RANGE_LOOP_ANALYSIS = YES;
				CLANG_WARN_STRICT_PROTOTYPES = YES;
				CLANG_WARN_SUSPICIOUS_MOVE = YES;
				CLANG_WARN_UNGUARDED_AVAILABILITY = YES_AGGRESSIVE;
				CLANG_WARN_UNREACHABLE_CODE = YES;
				CLANG_WARN__DUPLICATE_METHOD_MATCH = YES;
				COPY_PHASE_STRIP = NO;
				DEBUG_INFORMATION_FORMAT = dwarf;
				ENABLE_STRICT_OBJC_MSGSEND = YES;
				ENABLE_TESTABILITY = YES;
				GCC_C_LANGUAGE_STANDARD = gnu11;
				GCC_DYNAMIC_NO_PIC = NO;
				GCC_NO_COMMON_BLOCKS = YES;
				GCC_OPTIMIZATION_LEVEL = 0;
				GCC_PREPROCESSOR_DEFINITIONS = (
					"DEBUG=1",
					"$(inherited)",
				);
				GCC_WARN_64_TO_32_BIT_CONVERSION = YES;
				GCC_WARN_ABOUT_RETURN_TYPE = YES_ERROR;
				GCC_WARN_UNDECLARED_SELECTOR = YES;
				GCC_WARN_UNINITIALIZED_AUTOS = YES_AGGRESSIVE;
				GCC_WARN_UNUSED_FUNCTION = YES;
				GCC_WARN_UNUSED_VARIABLE = YES;
				IPHONEOS_DEPLOYMENT_TARGET = 15.5;
				MTL_ENABLE_DEBUG_INFO = INCLUDE_SOURCE;
				MTL_FAST_MATH = YES;
				ONLY_ACTIVE_ARCH = YES;
				SDKROOT = iphoneos;
			};
			name = Debug;
		};
		B57B200528B5C7590042F08B /* Release */ = {
			isa = XCBuildConfiguration;
			buildSettings = {
				ALWAYS_SEARCH_USER_PATHS = NO;
				CLANG_ANALYZER_NONNULL = YES;
				CLANG_ANALYZER_NUMBER_OBJECT_CONVERSION = YES_AGGRESSIVE;
				CLANG_CXX_LANGUAGE_STANDARD = "gnu++17";
				CLANG_ENABLE_MODULES = YES;
				CLANG_ENABLE_OBJC_ARC = YES;
				CLANG_ENABLE_OBJC_WEAK = YES;
				CLANG_WARN_BLOCK_CAPTURE_AUTORELEASING = YES;
				CLANG_WARN_BOOL_CONVERSION = YES;
				CLANG_WARN_COMMA = YES;
				CLANG_WARN_CONSTANT_CONVERSION = YES;
				CLANG_WARN_DEPRECATED_OBJC_IMPLEMENTATIONS = YES;
				CLANG_WARN_DIRECT_OBJC_ISA_USAGE = YES_ERROR;
				CLANG_WARN_DOCUMENTATION_COMMENTS = YES;
				CLANG_WARN_EMPTY_BODY = YES;
				CLANG_WARN_ENUM_CONVERSION = YES;
				CLANG_WARN_INFINITE_RECURSION = YES;
				CLANG_WARN_INT_CONVERSION = YES;
				CLANG_WARN_NON_LITERAL_NULL_CONVERSION = YES;
				CLANG_WARN_OBJC_IMPLICIT_RETAIN_SELF = YES;
				CLANG_WARN_OBJC_LITERAL_CONVERSION = YES;
				CLANG_WARN_OBJC_ROOT_CLASS = YES_ERROR;
				CLANG_WARN_QUOTED_INCLUDE_IN_FRAMEWORK_HEADER = YES;
				CLANG_WARN_RANGE_LOOP_ANALYSIS = YES;
				CLANG_WARN_STRICT_PROTOTYPES = YES;
				CLANG_WARN_SUSPICIOUS_MOVE = YES;
				CLANG_WARN_UNGUARDED_AVAILABILITY = YES_AGGRESSIVE;
				CLANG_WARN_UNREACHABLE_CODE = YES;
				CLANG_WARN__DUPLICATE_METHOD_MATCH = YES;
				COPY_PHASE_STRIP = NO;
				DEBUG_INFORMATION_FORMAT = "dwarf-with-dsym";
				ENABLE_NS_ASSERTIONS = NO;
				ENABLE_STRICT_OBJC_MSGSEND = YES;
				GCC_C_LANGUAGE_STANDARD = gnu11;
				GCC_NO_COMMON_BLOCKS = YES;
				GCC_WARN_64_TO_32_BIT_CONVERSION = YES;
				GCC_WARN_ABOUT_RETURN_TYPE = YES_ERROR;
				GCC_WARN_UNDECLARED_SELECTOR = YES;
				GCC_WARN_UNINITIALIZED_AUTOS = YES_AGGRESSIVE;
				GCC_WARN_UNUSED_FUNCTION = YES;
				GCC_WARN_UNUSED_VARIABLE = YES;
				IPHONEOS_DEPLOYMENT_TARGET = 15.5;
				MTL_ENABLE_DEBUG_INFO = NO;
				MTL_FAST_MATH = YES;
				SDKROOT = iphoneos;
				VALIDATE_PRODUCT = YES;
			};
			name = Release;
		};
		B57B200728B5C7590042F08B /* Debug */ = {
			isa = XCBuildConfiguration;
			buildSettings = {
				ASSETCATALOG_COMPILER_APPICON_NAME = AppIcon;
				ASSETCATALOG_COMPILER_GLOBAL_ACCENT_COLOR_NAME = AccentColor;
				CODE_SIGN_STYLE = Automatic;
				CURRENT_PROJECT_VERSION = 1;
				GENERATE_INFOPLIST_FILE = YES;
				INFOPLIST_FILE = Demo13Timer/Info.plist;
				INFOPLIST_KEY_UIApplicationSupportsIndirectInputEvents = YES;
				INFOPLIST_KEY_UILaunchStoryboardName = LaunchScreen;
				INFOPLIST_KEY_UIMainStoryboardFile = Main;
				INFOPLIST_KEY_UISupportedInterfaceOrientations_iPad = "UIInterfaceOrientationPortrait UIInterfaceOrientationPortraitUpsideDown UIInterfaceOrientationLandscapeLeft UIInterfaceOrientationLandscapeRight";
				INFOPLIST_KEY_UISupportedInterfaceOrientations_iPhone = "UIInterfaceOrientationPortrait UIInterfaceOrientationLandscapeLeft UIInterfaceOrientationLandscapeRight";
				LD_RUNPATH_SEARCH_PATHS = (
					"$(inherited)",
					"@executable_path/Frameworks",
				);
				MARKETING_VERSION = 1.0;
				PRODUCT_BUNDLE_IDENTIFIER = demo.Demo13Timer;
				PRODUCT_NAME = "$(TARGET_NAME)";
				SWIFT_EMIT_LOC_STRINGS = YES;
				TARGETED_DEVICE_FAMILY = "1,2";
			};
			name = Debug;
		};
		B57B200828B5C7590042F08B /* Release */ = {
			isa = XCBuildConfiguration;
			buildSettings = {
				ASSETCATALOG_COMPILER_APPICON_NAME = AppIcon;
				ASSETCATALOG_COMPILER_GLOBAL_ACCENT_COLOR_NAME = AccentColor;
				CODE_SIGN_STYLE = Automatic;
				CURRENT_PROJECT_VERSION = 1;
				GENERATE_INFOPLIST_FILE = YES;
				INFOPLIST_FILE = Demo13Timer/Info.plist;
				INFOPLIST_KEY_UIApplicationSupportsIndirectInputEvents = YES;
				INFOPLIST_KEY_UILaunchStoryboardName = LaunchScreen;
				INFOPLIST_KEY_UIMainStoryboardFile = Main;
				INFOPLIST_KEY_UISupportedInterfaceOrientations_iPad = "UIInterfaceOrientationPortrait UIInterfaceOrientationPortraitUpsideDown UIInterfaceOrientationLandscapeLeft UIInterfaceOrientationLandscapeRight";
				INFOPLIST_KEY_UISupportedInterfaceOrientations_iPhone = "UIInterfaceOrientationPortrait UIInterfaceOrientationLandscapeLeft UIInterfaceOrientationLandscapeRight";
				LD_RUNPATH_SEARCH_PATHS = (
					"$(inherited)",
					"@executable_path/Frameworks",
				);
				MARKETING_VERSION = 1.0;
				PRODUCT_BUNDLE_IDENTIFIER = demo.Demo13Timer;
				PRODUCT_NAME = "$(TARGET_NAME)";
				SWIFT_EMIT_LOC_STRINGS = YES;
				TARGETED_DEVICE_FAMILY = "1,2";
			};
			name = Release;
		};
		B57B200A28B5C7590042F08B /* Debug */ = {
			isa = XCBuildConfiguration;
			buildSettings = {
				BUNDLE_LOADER = "$(TEST_HOST)";
				CODE_SIGN_STYLE = Automatic;
				CURRENT_PROJECT_VERSION = 1;
				GENERATE_INFOPLIST_FILE = YES;
				IPHONEOS_DEPLOYMENT_TARGET = 15.5;
				MARKETING_VERSION = 1.0;
				PRODUCT_BUNDLE_IDENTIFIER = demo.Demo13TimerTests;
				PRODUCT_NAME = "$(TARGET_NAME)";
				SWIFT_EMIT_LOC_STRINGS = NO;
				TARGETED_DEVICE_FAMILY = "1,2";
				TEST_HOST = "$(BUILT_PRODUCTS_DIR)/Demo13Timer.app/Demo13Timer";
			};
			name = Debug;
		};
		B57B200B28B5C7590042F08B /* Release */ = {
			isa = XCBuildConfiguration;
			buildSettings = {
				BUNDLE_LOADER = "$(TEST_HOST)";
				CODE_SIGN_STYLE = Automatic;
				CURRENT_PROJECT_VERSION = 1;
				GENERATE_INFOPLIST_FILE = YES;
				IPHONEOS_DEPLOYMENT_TARGET = 15.5;
				MARKETING_VERSION = 1.0;
				PRODUCT_BUNDLE_IDENTIFIER = demo.Demo13TimerTests;
				PRODUCT_NAME = "$(TARGET_NAME)";
				SWIFT_EMIT_LOC_STRINGS = NO;
				TARGETED_DEVICE_FAMILY = "1,2";
				TEST_HOST = "$(BUILT_PRODUCTS_DIR)/Demo13Timer.app/Demo13Timer";
			};
			name = Release;
		};
		B57B200D28B5C7590042F08B /* Debug */ = {
			isa = XCBuildConfiguration;
			buildSettings = {
				CODE_SIGN_STYLE = Automatic;
				CURRENT_PROJECT_VERSION = 1;
				GENERATE_INFOPLIST_FILE = YES;
				MARKETING_VERSION = 1.0;
				PRODUCT_BUNDLE_IDENTIFIER = demo.Demo13TimerUITests;
				PRODUCT_NAME = "$(TARGET_NAME)";
				SWIFT_EMIT_LOC_STRINGS = NO;
				TARGETED_DEVICE_FAMILY = "1,2";
				TEST_TARGET_NAME = Demo13Timer;
			};
			name = Debug;
		};
		B57B200E28B5C7590042F08B /* Release */ = {
			isa = XCBuildConfiguration;
			buildSettings = {
				CODE_SIGN_STYLE = Automatic;
				CURRENT_PROJECT_VERSION = 1;
				GENERATE_INFOPLIST_FILE = YES;
				MARKETING_VERSION = 1.0;
				PRODUCT_BUNDLE_IDENTIFIER = demo.Demo13TimerUITests;
				PRODUCT_NAME = "$(TARGET_NAME)";
				SWIFT_EMIT_LOC_STRINGS = NO;
				TARGETED_DEVICE_FAMILY = "1,2";
				TEST_TARGET_NAME = Demo13Timer;
			};
			name = Release;
		};
/* End XCBuildConfiguration section */

/* Begin XCConfigurationList section */
		B57B1FD228B5C7520042F08B /* Build configuration list for PBXProject "Demo13Timer" */ = {
			isa = XCConfigurationList;
			buildConfigurations = (
				B57B200428B5C7590042F08B /* Debug */,
				B57B200528B5C7590042F08B /* Release */,
			);
			defaultConfigurationIsVisible = 0;
			defaultConfigurationName = Release;
		};
		B57B200628B5C7590042F08B /* Build configuration list for PBXNativeTarget "Demo13Timer" */ = {
			isa = XCConfigurationList;
			buildConfigurations = (
				B57B200728B5C7590042F08B /* Debug */,
				B57B200828B5C7590042F08B /* Release */,
			);
			defaultConfigurationIsVisible = 0;
			defaultConfigurationName = Release;
		};
		B57B200928B5C7590042F08B /* Build configuration list for PBXNativeTarget "Demo13TimerTests" */ = {
			isa = XCConfigurationList;
			buildConfigurations = (
				B57B200A28B5C7590042F08B /* Debug */,
				B57B200B28B5C7590042F08B /* Release */,
			);
			defaultConfigurationIsVisible = 0;
			defaultConfigurationName = Release;
		};
		B57B200C28B5C7590042F08B /* Build configuration list for PBXNativeTarget "Demo13TimerUITests" */ = {
			isa = XCConfigurationList;
			buildConfigurations = (
				B57B200D28B5C7590042F08B /* Debug */,
				B57B200E28B5C7590042F08B /* Release */,
			);
			defaultConfigurationIsVisible = 0;
			defaultConfigurationName = Release;
		};
/* End XCConfigurationList section */
	};
	rootObject = B57B1FCF28B5C7520042F08B /* Project object */;
}
