// !$*UTF8*$!
{
	archiveVersion = 1;
	classes = {
	};
	objectVersion = 55;
	objects = {

/* Begin PBXBuildFile section */
		B57B201D28B5F8460042F08B /* AppDelegate.m in Sources */ = {isa = PBXBuildFile; fileRef = B57B201C28B5F8460042F08B /* AppDelegate.m */; };
		B57B202028B5F8460042F08B /* SceneDelegate.m in Sources */ = {isa = PBXBuildFile; fileRef = B57B201F28B5F8460042F08B /* SceneDelegate.m */; };
		B57B202328B5F8460042F08B /* ViewController.m in Sources */ = {isa = PBXBuildFile; fileRef = B57B202228B5F8460042F08B /* ViewController.m */; };
		B57B202628B5F8460042F08B /* Main.storyboard in Resources */ = {isa = PBXBuildFile; fileRef = B57B202428B5F8460042F08B /* Main.storyboard */; };
		B57B202828B5F84C0042F08B /* Assets.xcassets in Resources */ = {isa = PBXBuildFile; fileRef = B57B202728B5F84C0042F08B /* Assets.xcassets */; };
		B57B202B28B5F84C0042F08B /* LaunchScreen.storyboard in Resources */ = {isa = PBXBuildFile; fileRef = B57B202928B5F84C0042F08B /* LaunchScreen.storyboard */; };
		B57B202E28B5F84C0042F08B /* main.m in Sources */ = {isa = PBXBuildFile; fileRef = B57B202D28B5F84C0042F08B /* main.m */; };
		B57B203828B5F84D0042F08B /* Demo13ConcurencrWithThreadTests.m in Sources */ = {isa = PBXBuildFile; fileRef = B57B203728B5F84D0042F08B /* Demo13ConcurencrWithThreadTests.m */; };
		B57B204228B5F84D0042F08B /* Demo13ConcurencrWithThreadUITests.m in Sources */ = {isa = PBXBuildFile; fileRef = B57B204128B5F84D0042F08B /* Demo13ConcurencrWithThreadUITests.m */; };
		B57B204428B5F84D0042F08B /* Demo13ConcurencrWithThreadUITestsLaunchTests.m in Sources */ = {isa = PBXBuildFile; fileRef = B57B204328B5F84D0042F08B /* Demo13ConcurencrWithThreadUITestsLaunchTests.m */; };
/* End PBXBuildFile section */

/* Begin PBXContainerItemProxy section */
		B57B203428B5F84C0042F08B /* PBXContainerItemProxy */ = {
			isa = PBXContainerItemProxy;
			containerPortal = B57B201028B5F8460042F08B /* Project object */;
			proxyType = 1;
			remoteGlobalIDString = B57B201728B5F8460042F08B;
			remoteInfo = Demo13ConcurencrWithThread;
		};
		B57B203E28B5F84D0042F08B /* PBXContainerItemProxy */ = {
			isa = PBXContainerItemProxy;
			containerPortal = B57B201028B5F8460042F08B /* Project object */;
			proxyType = 1;
			remoteGlobalIDString = B57B201728B5F8460042F08B;
			remoteInfo = Demo13ConcurencrWithThread;
		};
/* End PBXContainerItemProxy section */

/* Begin PBXFileReference section */
		B57B201828B5F8460042F08B /* Demo13ConcurencrWithThread.app */ = {isa = PBXFileReference; explicitFileType = wrapper.application; includeInIndex = 0; path = Demo13ConcurencrWithThread.app; sourceTree = BUILT_PRODUCTS_DIR; };
		B57B201B28B5F8460042F08B /* AppDelegate.h */ = {isa = PBXFileReference; lastKnownFileType = sourcecode.c.h; path = AppDelegate.h; sourceTree = "<group>"; };
		B57B201C28B5F8460042F08B /* AppDelegate.m */ = {isa = PBXFileReference; lastKnownFileType = sourcecode.c.objc; path = AppDelegate.m; sourceTree = "<group>"; };
		B57B201E28B5F8460042F08B /* SceneDelegate.h */ = {isa = PBXFileReference; lastKnownFileType = sourcecode.c.h; path = SceneDelegate.h; sourceTree = "<group>"; };
		B57B201F28B5F8460042F08B /* SceneDelegate.m */ = {isa = PBXFileReference; lastKnownFileType = sourcecode.c.objc; path = SceneDelegate.m; sourceTree = "<group>"; };
		B57B202128B5F8460042F08B /* ViewController.h */ = {isa = PBXFileReference; lastKnownFileType = sourcecode.c.h; path = ViewController.h; sourceTree = "<group>"; };
		B57B202228B5F8460042F08B /* ViewController.m */ = {isa = PBXFileReference; lastKnownFileType = sourcecode.c.objc; path = ViewController.m; sourceTree = "<group>"; };
		B57B202528B5F8460042F08B /* Base */ = {isa = PBXFileReference; lastKnownFileType = file.storyboard; name = Base; path = Base.lproj/Main.storyboard; sourceTree = "<group>"; };
		B57B202728B5F84C0042F08B /* Assets.xcassets */ = {isa = PBXFileReference; lastKnownFileType = folder.assetcatalog; path = Assets.xcassets; sourceTree = "<group>"; };
		B57B202A28B5F84C0042F08B /* Base */ = {isa = PBXFileReference; lastKnownFileType = file.storyboard; name = Base; path = Base.lproj/LaunchScreen.storyboard; sourceTree = "<group>"; };
		B57B202C28B5F84C0042F08B /* Info.plist */ = {isa = PBXFileReference; lastKnownFileType = text.plist.xml; path = Info.plist; sourceTree = "<group>"; };
		B57B202D28B5F84C0042F08B /* main.m */ = {isa = PBXFileReference; lastKnownFileType = sourcecode.c.objc; path = main.m; sourceTree = "<group>"; };
		B57B203328B5F84C0042F08B /* Demo13ConcurencrWithThreadTests.xctest */ = {isa = PBXFileReference; explicitFileType = wrapper.cfbundle; includeInIndex = 0; path = Demo13ConcurencrWithThreadTests.xctest; sourceTree = BUILT_PRODUCTS_DIR; };
		B57B203728B5F84D0042F08B /* Demo13ConcurencrWithThreadTests.m */ = {isa = PBXFileReference; lastKnownFileType = sourcecode.c.objc; path = Demo13ConcurencrWithThreadTests.m; sourceTree = "<group>"; };
		B57B203D28B5F84D0042F08B /* Demo13ConcurencrWithThreadUITests.xctest */ = {isa = PBXFileReference; explicitFileType = wrapper.cfbundle; includeInIndex = 0; path = Demo13ConcurencrWithThreadUITests.xctest; sourceTree = BUILT_PRODUCTS_DIR; };
		B57B204128B5F84D0042F08B /* Demo13ConcurencrWithThreadUITests.m */ = {isa = PBXFileReference; lastKnownFileType = sourcecode.c.objc; path = Demo13ConcurencrWithThreadUITests.m; sourceTree = "<group>"; };
		B57B204328B5F84D0042F08B /* Demo13ConcurencrWithThreadUITestsLaunchTests.m */ = {isa = PBXFileReference; lastKnownFileType = sourcecode.c.objc; path = Demo13ConcurencrWithThreadUITestsLaunchTests.m; sourceTree = "<group>"; };
/* End PBXFileReference section */

/* Begin PBXFrameworksBuildPhase section */
		B57B201528B5F8460042F08B /* Frameworks */ = {
			isa = PBXFrameworksBuildPhase;
			buildActionMask = 2147483647;
			files = (
			);
			runOnlyForDeploymentPostprocessing = 0;
		};
		B57B203028B5F84C0042F08B /* Frameworks */ = {
			isa = PBXFrameworksBuildPhase;
			buildActionMask = 2147483647;
			files = (
			);
			runOnlyForDeploymentPostprocessing = 0;
		};
		B57B203A28B5F84D0042F08B /* Frameworks */ = {
			isa = PBXFrameworksBuildPhase;
			buildActionMask = 2147483647;
			files = (
			);
			runOnlyForDeploymentPostprocessing = 0;
		};
/* End PBXFrameworksBuildPhase section */

/* Begin PBXGroup section */
		B57B200F28B5F8460042F08B = {
			isa = PBXGroup;
			children = (
				B57B201A28B5F8460042F08B /* Demo13ConcurencrWithThread */,
				B57B203628B5F84C0042F08B /* Demo13ConcurencrWithThreadTests */,
				B57B204028B5F84D0042F08B /* Demo13ConcurencrWithThreadUITests */,
				B57B201928B5F8460042F08B /* Products */,
			);
			sourceTree = "<group>";
		};
		B57B201928B5F8460042F08B /* Products */ = {
			isa = PBXGroup;
			children = (
				B57B201828B5F8460042F08B /* Demo13ConcurencrWithThread.app */,
				B57B203328B5F84C0042F08B /* Demo13ConcurencrWithThreadTests.xctest */,
				B57B203D28B5F84D0042F08B /* Demo13ConcurencrWithThreadUITests.xctest */,
			);
			name = Products;
			sourceTree = "<group>";
		};
		B57B201A28B5F8460042F08B /* Demo13ConcurencrWithThread */ = {
			isa = PBXGroup;
			children = (
				B57B201B28B5F8460042F08B /* AppDelegate.h */,
				B57B201C28B5F8460042F08B /* AppDelegate.m */,
				B57B201E28B5F8460042F08B /* SceneDelegate.h */,
				B57B201F28B5F8460042F08B /* SceneDelegate.m */,
				B57B202128B5F8460042F08B /* ViewController.h */,
				B57B202228B5F8460042F08B /* ViewController.m */,
				B57B202428B5F8460042F08B /* Main.storyboard */,
				B57B202728B5F84C0042F08B /* Assets.xcassets */,
				B57B202928B5F84C0042F08B /* LaunchScreen.storyboard */,
				B57B202C28B5F84C0042F08B /* Info.plist */,
				B57B202D28B5F84C0042F08B /* main.m */,
			);
			path = Demo13ConcurencrWithThread;
			sourceTree = "<group>";
		};
		B57B203628B5F84C0042F08B /* Demo13ConcurencrWithThreadTests */ = {
			isa = PBXGroup;
			children = (
				B57B203728B5F84D0042F08B /* Demo13ConcurencrWithThreadTests.m */,
			);
			path = Demo13ConcurencrWithThreadTests;
			sourceTree = "<group>";
		};
		B57B204028B5F84D0042F08B /* Demo13ConcurencrWithThreadUITests */ = {
			isa = PBXGroup;
			children = (
				B57B204128B5F84D0042F08B /* Demo13ConcurencrWithThreadUITests.m */,
				B57B204328B5F84D0042F08B /* Demo13ConcurencrWithThreadUITestsLaunchTests.m */,
			);
			path = Demo13ConcurencrWithThreadUITests;
			sourceTree = "<group>";
		};
/* End PBXGroup section */

/* Begin PBXNativeTarget section */
		B57B201728B5F8460042F08B /* Demo13ConcurencrWithThread */ = {
			isa = PBXNativeTarget;
			buildConfigurationList = B57B204728B5F84D0042F08B /* Build configuration list for PBXNativeTarget "Demo13ConcurencrWithThread" */;
			buildPhases = (
				B57B201428B5F8460042F08B /* Sources */,
				B57B201528B5F8460042F08B /* Frameworks */,
				B57B201628B5F8460042F08B /* Resources */,
			);
			buildRules = (
			);
			dependencies = (
			);
			name = Demo13ConcurencrWithThread;
			productName = Demo13ConcurencrWithThread;
			productReference = B57B201828B5F8460042F08B /* Demo13ConcurencrWithThread.app */;
			productType = "com.apple.product-type.application";
		};
		B57B203228B5F84C0042F08B /* Demo13ConcurencrWithThreadTests */ = {
			isa = PBXNativeTarget;
			buildConfigurationList = B57B204A28B5F84D0042F08B /* Build configuration list for PBXNativeTarget "Demo13ConcurencrWithThreadTests" */;
			buildPhases = (
				B57B202F28B5F84C0042F08B /* Sources */,
				B57B203028B5F84C0042F08B /* Frameworks */,
				B57B203128B5F84C0042F08B /* Resources */,
			);
			buildRules = (
			);
			dependencies = (
				B57B203528B5F84C0042F08B /* PBXTargetDependency */,
			);
			name = Demo13ConcurencrWithThreadTests;
			productName = Demo13ConcurencrWithThreadTests;
			productReference = B57B203328B5F84C0042F08B /* Demo13ConcurencrWithThreadTests.xctest */;
			productType = "com.apple.product-type.bundle.unit-test";
		};
		B57B203C28B5F84D0042F08B /* Demo13ConcurencrWithThreadUITests */ = {
			isa = PBXNativeTarget;
			buildConfigurationList = B57B204D28B5F84D0042F08B /* Build configuration list for PBXNativeTarget "Demo13ConcurencrWithThreadUITests" */;
			buildPhases = (
				B57B203928B5F84D0042F08B /* Sources */,
				B57B203A28B5F84D0042F08B /* Frameworks */,
				B57B203B28B5F84D0042F08B /* Resources */,
			);
			buildRules = (
			);
			dependencies = (
				B57B203F28B5F84D0042F08B /* PBXTargetDependency */,
			);
			name = Demo13ConcurencrWithThreadUITests;
			productName = Demo13ConcurencrWithThreadUITests;
			productReference = B57B203D28B5F84D0042F08B /* Demo13ConcurencrWithThreadUITests.xctest */;
			productType = "com.apple.product-type.bundle.ui-testing";
		};
/* End PBXNativeTarget section */

/* Begin PBXProject section */
		B57B201028B5F8460042F08B /* Project object */ = {
			isa = PBXProject;
			attributes = {
				BuildIndependentTargetsInParallel = 1;
				LastUpgradeCheck = 1340;
				TargetAttributes = {
					B57B201728B5F8460042F08B = {
						CreatedOnToolsVersion = 13.4.1;
					};
					B57B203228B5F84C0042F08B = {
						CreatedOnToolsVersion = 13.4.1;
						TestTargetID = B57B201728B5F8460042F08B;
					};
					B57B203C28B5F84D0042F08B = {
						CreatedOnToolsVersion = 13.4.1;
						TestTargetID = B57B201728B5F8460042F08B;
					};
				};
			};
			buildConfigurationList = B57B201328B5F8460042F08B /* Build configuration list for PBXProject "Demo13ConcurencrWithThread" */;
			compatibilityVersion = "Xcode 13.0";
			developmentRegion = en;
			hasScannedForEncodings = 0;
			knownRegions = (
				en,
				Base,
			);
			mainGroup = B57B200F28B5F8460042F08B;
			productRefGroup = B57B201928B5F8460042F08B /* Products */;
			projectDirPath = "";
			projectRoot = "";
			targets = (
				B57B201728B5F8460042F08B /* Demo13ConcurencrWithThread */,
				B57B203228B5F84C0042F08B /* Demo13ConcurencrWithThreadTests */,
				B57B203C28B5F84D0042F08B /* Demo13ConcurencrWithThreadUITests */,
			);
		};
/* End PBXProject section */

/* Begin PBXResourcesBuildPhase section */
		B57B201628B5F8460042F08B /* Resources */ = {
			isa = PBXResourcesBuildPhase;
			buildActionMask = 2147483647;
			files = (
				B57B202B28B5F84C0042F08B /* LaunchScreen.storyboard in Resources */,
				B57B202828B5F84C0042F08B /* Assets.xcassets in Resources */,
				B57B202628B5F8460042F08B /* Main.storyboard in Resources */,
			);
			runOnlyForDeploymentPostprocessing = 0;
		};
		B57B203128B5F84C0042F08B /* Resources */ = {
			isa = PBXResourcesBuildPhase;
			buildActionMask = 2147483647;
			files = (
			);
			runOnlyForDeploymentPostprocessing = 0;
		};
		B57B203B28B5F84D0042F08B /* Resources */ = {
			isa = PBXResourcesBuildPhase;
			buildActionMask = 2147483647;
			files = (
			);
			runOnlyForDeploymentPostprocessing = 0;
		};
/* End PBXResourcesBuildPhase section */

/* Begin PBXSourcesBuildPhase section */
		B57B201428B5F8460042F08B /* Sources */ = {
			isa = PBXSourcesBuildPhase;
			buildActionMask = 2147483647;
			files = (
				B57B202328B5F8460042F08B /* ViewController.m in Sources */,
				B57B201D28B5F8460042F08B /* AppDelegate.m in Sources */,
				B57B202E28B5F84C0042F08B /* main.m in Sources */,
				B57B202028B5F8460042F08B /* SceneDelegate.m in Sources */,
			);
			runOnlyForDeploymentPostprocessing = 0;
		};
		B57B202F28B5F84C0042F08B /* Sources */ = {
			isa = PBXSourcesBuildPhase;
			buildActionMask = 2147483647;
			files = (
				B57B203828B5F84D0042F08B /* Demo13ConcurencrWithThreadTests.m in Sources */,
			);
			runOnlyForDeploymentPostprocessing = 0;
		};
		B57B203928B5F84D0042F08B /* Sources */ = {
			isa = PBXSourcesBuildPhase;
			buildActionMask = 2147483647;
			files = (
				B57B204228B5F84D0042F08B /* Demo13ConcurencrWithThreadUITests.m in Sources */,
				B57B204428B5F84D0042F08B /* Demo13ConcurencrWithThreadUITestsLaunchTests.m in Sources */,
			);
			runOnlyForDeploymentPostprocessing = 0;
		};
/* End PBXSourcesBuildPhase section */

/* Begin PBXTargetDependency section */
		B57B203528B5F84C0042F08B /* PBXTargetDependency */ = {
			isa = PBXTargetDependency;
			target = B57B201728B5F8460042F08B /* Demo13ConcurencrWithThread */;
			targetProxy = B57B203428B5F84C0042F08B /* PBXContainerItemProxy */;
		};
		B57B203F28B5F84D0042F08B /* PBXTargetDependency */ = {
			isa = PBXTargetDependency;
			target = B57B201728B5F8460042F08B /* Demo13ConcurencrWithThread */;
			targetProxy = B57B203E28B5F84D0042F08B /* PBXContainerItemProxy */;
		};
/* End PBXTargetDependency section */

/* Begin PBXVariantGroup section */
		B57B202428B5F8460042F08B /* Main.storyboard */ = {
			isa = PBXVariantGroup;
			children = (
				B57B202528B5F8460042F08B /* Base */,
			);
			name = Main.storyboard;
			sourceTree = "<group>";
		};
		B57B202928B5F84C0042F08B /* LaunchScreen.storyboard */ = {
			isa = PBXVariantGroup;
			children = (
				B57B202A28B5F84C0042F08B /* Base */,
			);
			name = LaunchScreen.storyboard;
			sourceTree = "<group>";
		};
/* End PBXVariantGroup section */

/* Begin XCBuildConfiguration section */
		B57B204528B5F84D0042F08B /* Debug */ = {
			isa = XCBuildConfiguration;
			buildSettings = {
				ALWAYS_SEARCH_USER_PATHS = NO;
				CLANG_ANALYZER_NONNULL = YES;
				CLANG_ANALYZER_NUMBER_OBJECT_CONVERSION = YES_AGGRESSIVE;
				CLANG_CXX_LANGUAGE_STANDARD = "gnu++17";
				CLANG_ENABLE_MODULES = YES;
				CLANG_ENABLE_OBJC_ARC = YES;
				CLANG_ENABLE_OBJC_WEAK = YES;
				CLANG_WARN_BLOCK_CAPTURE_AUTORELEASING = YES;
				CLANG_WARN_BOOL_CONVERSION = YES;
				CLANG_WARN_COMMA = YES;
				CLANG_WARN_CONSTANT_CONVERSION = YES;
				CLANG_WARN_DEPRECATED_OBJC_IMPLEMENTATIONS = YES;
				CLANG_WARN_DIRECT_OBJC_ISA_USAGE = YES_ERROR;
				CLANG_WARN_DOCUMENTATION_COMMENTS = YES;
				CLANG_WARN_EMPTY_BODY = YES;
				CLANG_WARN_ENUM_CONVERSION = YES;
				CLANG_WARN_INFINITE_RECURSION = YES;
				CLANG_WARN_INT_CONVERSION = YES;
				CLANG_WARN_NON_LITERAL_NULL_CONVERSION = YES;
				CLANG_WARN_OBJC_IMPLICIT_RETAIN_SELF = YES;
				CLANG_WARN_OBJC_LITERAL_CONVERSION = YES;
				CLANG_WARN_OBJC_ROOT_CLASS = YES_ERROR;
				CLANG_WARN_QUOTED_INCLUDE_IN_FRAMEWORK_HEADER = YES;
				CLANG_WARN_RANGE_LOOP_ANALYSIS = YES;
				CLANG_WARN_STRICT_PROTOTYPES = YES;
				CLANG_WARN_SUSPICIOUS_MOVE = YES;
				CLANG_WARN_UNGUARDED_AVAILABILITY = YES_AGGRESSIVE;
				CLANG_WARN_UNREACHABLE_CODE = YES;
				CLANG_WARN__DUPLICATE_METHOD_MATCH = YES;
				COPY_PHASE_STRIP = NO;
				DEBUG_INFORMATION_FORMAT = dwarf;
				ENABLE_STRICT_OBJC_MSGSEND = YES;
				ENABLE_TESTABILITY = YES;
				GCC_C_LANGUAGE_STANDARD = gnu11;
				GCC_DYNAMIC_NO_PIC = NO;
				GCC_NO_COMMON_BLOCKS = YES;
				GCC_OPTIMIZATION_LEVEL = 0;
				GCC_PREPROCESSOR_DEFINITIONS = (
					"DEBUG=1",
					"$(inherited)",
				);
				GCC_WARN_64_TO_32_BIT_CONVERSION = YES;
				GCC_WARN_ABOUT_RETURN_TYPE = YES_ERROR;
				GCC_WARN_UNDECLARED_SELECTOR = YES;
				GCC_WARN_UNINITIALIZED_AUTOS = YES_AGGRESSIVE;
				GCC_WARN_UNUSED_FUNCTION = YES;
				GCC_WARN_UNUSED_VARIABLE = YES;
				IPHONEOS_DEPLOYMENT_TARGET = 15.5;
				MTL_ENABLE_DEBUG_INFO = INCLUDE_SOURCE;
				MTL_FAST_MATH = YES;
				ONLY_ACTIVE_ARCH = YES;
				SDKROOT = iphoneos;
			};
			name = Debug;
		};
		B57B204628B5F84D0042F08B /* Release */ = {
			isa = XCBuildConfiguration;
			buildSettings = {
				ALWAYS_SEARCH_USER_PATHS = NO;
				CLANG_ANALYZER_NONNULL = YES;
				CLANG_ANALYZER_NUMBER_OBJECT_CONVERSION = YES_AGGRESSIVE;
				CLANG_CXX_LANGUAGE_STANDARD = "gnu++17";
				CLANG_ENABLE_MODULES = YES;
				CLANG_ENABLE_OBJC_ARC = YES;
				CLANG_ENABLE_OBJC_WEAK = YES;
				CLANG_WARN_BLOCK_CAPTURE_AUTORELEASING = YES;
				CLANG_WARN_BOOL_CONVERSION = YES;
				CLANG_WARN_COMMA = YES;
				CLANG_WARN_CONSTANT_CONVERSION = YES;
				CLANG_WARN_DEPRECATED_OBJC_IMPLEMENTATIONS = YES;
				CLANG_WARN_DIRECT_OBJC_ISA_USAGE = YES_ERROR;
				CLANG_WARN_DOCUMENTATION_COMMENTS = YES;
				CLANG_WARN_EMPTY_BODY = YES;
				CLANG_WARN_ENUM_CONVERSION = YES;
				CLANG_WARN_INFINITE_RECURSION = YES;
				CLANG_WARN_INT_CONVERSION = YES;
				CLANG_WARN_NON_LITERAL_NULL_CONVERSION = YES;
				CLANG_WARN_OBJC_IMPLICIT_RETAIN_SELF = YES;
				CLANG_WARN_OBJC_LITERAL_CONVERSION = YES;
				CLANG_WARN_OBJC_ROOT_CLASS = YES_ERROR;
				CLANG_WARN_QUOTED_INCLUDE_IN_FRAMEWORK_HEADER = YES;
				CLANG_WARN_RANGE_LOOP_ANALYSIS = YES;
				CLANG_WARN_STRICT_PROTOTYPES = YES;
				CLANG_WARN_SUSPICIOUS_MOVE = YES;
				CLANG_WARN_UNGUARDED_AVAILABILITY = YES_AGGRESSIVE;
				CLANG_WARN_UNREACHABLE_CODE = YES;
				CLANG_WARN__DUPLICATE_METHOD_MATCH = YES;
				COPY_PHASE_STRIP = NO;
				DEBUG_INFORMATION_FORMAT = "dwarf-with-dsym";
				ENABLE_NS_ASSERTIONS = NO;
				ENABLE_STRICT_OBJC_MSGSEND = YES;
				GCC_C_LANGUAGE_STANDARD = gnu11;
				GCC_NO_COMMON_BLOCKS = YES;
				GCC_WARN_64_TO_32_BIT_CONVERSION = YES;
				GCC_WARN_ABOUT_RETURN_TYPE = YES_ERROR;
				GCC_WARN_UNDECLARED_SELECTOR = YES;
				GCC_WARN_UNINITIALIZED_AUTOS = YES_AGGRESSIVE;
				GCC_WARN_UNUSED_FUNCTION = YES;
				GCC_WARN_UNUSED_VARIABLE = YES;
				IPHONEOS_DEPLOYMENT_TARGET = 15.5;
				MTL_ENABLE_DEBUG_INFO = NO;
				MTL_FAST_MATH = YES;
				SDKROOT = iphoneos;
				VALIDATE_PRODUCT = YES;
			};
			name = Release;
		};
		B57B204828B5F84D0042F08B /* Debug */ = {
			isa = XCBuildConfiguration;
			buildSettings = {
				ASSETCATALOG_COMPILER_APPICON_NAME = AppIcon;
				ASSETCATALOG_COMPILER_GLOBAL_ACCENT_COLOR_NAME = AccentColor;
				CODE_SIGN_STYLE = Automatic;
				CURRENT_PROJECT_VERSION = 1;
				GENERATE_INFOPLIST_FILE = YES;
				INFOPLIST_FILE = Demo13ConcurencrWithThread/Info.plist;
				INFOPLIST_KEY_UIApplicationSupportsIndirectInputEvents = YES;
				INFOPLIST_KEY_UILaunchStoryboardName = LaunchScreen;
				INFOPLIST_KEY_UIMainStoryboardFile = Main;
				INFOPLIST_KEY_UISupportedInterfaceOrientations_iPad = "UIInterfaceOrientationPortrait UIInterfaceOrientationPortraitUpsideDown UIInterfaceOrientationLandscapeLeft UIInterfaceOrientationLandscapeRight";
				INFOPLIST_KEY_UISupportedInterfaceOrientations_iPhone = "UIInterfaceOrientationPortrait UIInterfaceOrientationLandscapeLeft UIInterfaceOrientationLandscapeRight";
				LD_RUNPATH_SEARCH_PATHS = (
					"$(inherited)",
					"@executable_path/Frameworks",
				);
				MARKETING_VERSION = 1.0;
				PRODUCT_BUNDLE_IDENTIFIER = demo.Demo13ConcurencrWithThread;
				PRODUCT_NAME = "$(TARGET_NAME)";
				SWIFT_EMIT_LOC_STRINGS = YES;
				TARGETED_DEVICE_FAMILY = "1,2";
			};
			name = Debug;
		};
		B57B204928B5F84D0042F08B /* Release */ = {
			isa = XCBuildConfiguration;
			buildSettings = {
				ASSETCATALOG_COMPILER_APPICON_NAME = AppIcon;
				ASSETCATALOG_COMPILER_GLOBAL_ACCENT_COLOR_NAME = AccentColor;
				CODE_SIGN_STYLE = Automatic;
				CURRENT_PROJECT_VERSION = 1;
				GENERATE_INFOPLIST_FILE = YES;
				INFOPLIST_FILE = Demo13ConcurencrWithThread/Info.plist;
				INFOPLIST_KEY_UIApplicationSupportsIndirectInputEvents = YES;
				INFOPLIST_KEY_UILaunchStoryboardName = LaunchScreen;
				INFOPLIST_KEY_UIMainStoryboardFile = Main;
				INFOPLIST_KEY_UISupportedInterfaceOrientations_iPad = "UIInterfaceOrientationPortrait UIInterfaceOrientationPortraitUpsideDown UIInterfaceOrientationLandscapeLeft UIInterfaceOrientationLandscapeRight";
				INFOPLIST_KEY_UISupportedInterfaceOrientations_iPhone = "UIInterfaceOrientationPortrait UIInterfaceOrientationLandscapeLeft UIInterfaceOrientationLandscapeRight";
				LD_RUNPATH_SEARCH_PATHS = (
					"$(inherited)",
					"@executable_path/Frameworks",
				);
				MARKETING_VERSION = 1.0;
				PRODUCT_BUNDLE_IDENTIFIER = demo.Demo13ConcurencrWithThread;
				PRODUCT_NAME = "$(TARGET_NAME)";
				SWIFT_EMIT_LOC_STRINGS = YES;
				TARGETED_DEVICE_FAMILY = "1,2";
			};
			name = Release;
		};
		B57B204B28B5F84D0042F08B /* Debug */ = {
			isa = XCBuildConfiguration;
			buildSettings = {
				BUNDLE_LOADER = "$(TEST_HOST)";
				CODE_SIGN_STYLE = Automatic;
				CURRENT_PROJECT_VERSION = 1;
				GENERATE_INFOPLIST_FILE = YES;
				IPHONEOS_DEPLOYMENT_TARGET = 15.5;
				MARKETING_VERSION = 1.0;
				PRODUCT_BUNDLE_IDENTIFIER = demo.Demo13ConcurencrWithThreadTests;
				PRODUCT_NAME = "$(TARGET_NAME)";
				SWIFT_EMIT_LOC_STRINGS = NO;
				TARGETED_DEVICE_FAMILY = "1,2";
				TEST_HOST = "$(BUILT_PRODUCTS_DIR)/Demo13ConcurencrWithThread.app/Demo13ConcurencrWithThread";
			};
			name = Debug;
		};
		B57B204C28B5F84D0042F08B /* Release */ = {
			isa = XCBuildConfiguration;
			buildSettings = {
				BUNDLE_LOADER = "$(TEST_HOST)";
				CODE_SIGN_STYLE = Automatic;
				CURRENT_PROJECT_VERSION = 1;
				GENERATE_INFOPLIST_FILE = YES;
				IPHONEOS_DEPLOYMENT_TARGET = 15.5;
				MARKETING_VERSION = 1.0;
				PRODUCT_BUNDLE_IDENTIFIER = demo.Demo13ConcurencrWithThreadTests;
				PRODUCT_NAME = "$(TARGET_NAME)";
				SWIFT_EMIT_LOC_STRINGS = NO;
				TARGETED_DEVICE_FAMILY = "1,2";
				TEST_HOST = "$(BUILT_PRODUCTS_DIR)/Demo13ConcurencrWithThread.app/Demo13ConcurencrWithThread";
			};
			name = Release;
		};
		B57B204E28B5F84D0042F08B /* Debug */ = {
			isa = XCBuildConfiguration;
			buildSettings = {
				CODE_SIGN_STYLE = Automatic;
				CURRENT_PROJECT_VERSION = 1;
				GENERATE_INFOPLIST_FILE = YES;
				MARKETING_VERSION = 1.0;
				PRODUCT_BUNDLE_IDENTIFIER = demo.Demo13ConcurencrWithThreadUITests;
				PRODUCT_NAME = "$(TARGET_NAME)";
				SWIFT_EMIT_LOC_STRINGS = NO;
				TARGETED_DEVICE_FAMILY = "1,2";
				TEST_TARGET_NAME = Demo13ConcurencrWithThread;
			};
			name = Debug;
		};
		B57B204F28B5F84D0042F08B /* Release */ = {
			isa = XCBuildConfiguration;
			buildSettings = {
				CODE_SIGN_STYLE = Automatic;
				CURRENT_PROJECT_VERSION = 1;
				GENERATE_INFOPLIST_FILE = YES;
				MARKETING_VERSION = 1.0;
				PRODUCT_BUNDLE_IDENTIFIER = demo.Demo13ConcurencrWithThreadUITests;
				PRODUCT_NAME = "$(TARGET_NAME)";
				SWIFT_EMIT_LOC_STRINGS = NO;
				TARGETED_DEVICE_FAMILY = "1,2";
				TEST_TARGET_NAME = Demo13ConcurencrWithThread;
			};
			name = Release;
		};
/* End XCBuildConfiguration section */

/* Begin XCConfigurationList section */
		B57B201328B5F8460042F08B /* Build configuration list for PBXProject "Demo13ConcurencrWithThread" */ = {
			isa = XCConfigurationList;
			buildConfigurations = (
				B57B204528B5F84D0042F08B /* Debug */,
				B57B204628B5F84D0042F08B /* Release */,
			);
			defaultConfigurationIsVisible = 0;
			defaultConfigurationName = Release;
		};
		B57B204728B5F84D0042F08B /* Build configuration list for PBXNativeTarget "Demo13ConcurencrWithThread" */ = {
			isa = XCConfigurationList;
			buildConfigurations = (
				B57B204828B5F84D0042F08B /* Debug */,
				B57B204928B5F84D0042F08B /* Release */,
			);
			defaultConfigurationIsVisible = 0;
			defaultConfigurationName = Release;
		};
		B57B204A28B5F84D0042F08B /* Build configuration list for PBXNativeTarget "Demo13ConcurencrWithThreadTests" */ = {
			isa = XCConfigurationList;
			buildConfigurations = (
				B57B204B28B5F84D0042F08B /* Debug */,
				B57B204C28B5F84D0042F08B /* Release */,
			);
			defaultConfigurationIsVisible = 0;
			defaultConfigurationName = Release;
		};
		B57B204D28B5F84D0042F08B /* Build configuration list for PBXNativeTarget "Demo13ConcurencrWithThreadUITests" */ = {
			isa = XCConfigurationList;
			buildConfigurations = (
				B57B204E28B5F84D0042F08B /* Debug */,
				B57B204F28B5F84D0042F08B /* Release */,
			);
			defaultConfigurationIsVisible = 0;
			defaultConfigurationName = Release;
		};
/* End XCConfigurationList section */
	};
	rootObject = B57B201028B5F8460042F08B /* Project object */;
}
